
Microsoft Visual Studio Solution File, Format Version 12.00
# Visual Studio Version 16
VisualStudioVersion = 16.0.31205.134
MinimumVisualStudioVersion = 10.0.40219.1
Project("{FAE04EC0-301F-11D3-BF4B-00C04F79EFBC}") = "GLXT.Spark", "GLXT.Spark\GLXT.Spark.csproj", "{3E5AB62C-4A91-4184-8D3E-0FF3D67FAC44}"
EndProject
Global
	GlobalSection(SolutionConfigurationPlatforms) = preSolution
		Debug|Any CPU = Debug|Any CPU
		Release|Any CPU = Release|Any CPU
	EndGlobalSection
	GlobalSection(ProjectConfigurationPlatforms) = postSolution
		{3E5AB62C-4A91-4184-8D3E-0FF3D67FAC44}.Debug|Any CPU.ActiveCfg = Debug|Any CPU
		{3E5AB62C-4A91-4184-8D3E-0FF3D67FAC44}.Debug|Any CPU.Build.0 = Debug|Any CPU
		{3E5AB62C-4A91-4184-8D3E-0FF3D67FAC44}.Release|Any CPU.ActiveCfg = Release|Any CPU
		{3E5AB62C-4A91-4184-8D3E-0FF3D67FAC44}.Release|Any CPU.Build.0 = Release|Any CPU
	EndGlobalSection
	GlobalSection(SolutionProperties) = preSolution
		HideSolutionNode = FALSE
	EndGlobalSection
	GlobalSection(ExtensibilityGlobals) = postSolution
		SolutionGuid = {38C0BA97-891F-4A2E-BC59-0BEA68D88137}
	EndGlobalSection
EndGlobal
